// !$*UTF8*$!
{
	archiveVersion = 1;
	classes = {
	};
	objectVersion = 56;
	objects = {

/* Begin PBXBuildFile section */
		2FAD76512914F5B600B02B8D /* AppDelegate.swift in Sources */ = {isa = PBXBuildFile; fileRef = 2FAD76502914F5B600B02B8D /* AppDelegate.swift */; };
		2FAD76532914F5B600B02B8D /* SceneDelegate.swift in Sources */ = {isa = PBXBuildFile; fileRef = 2FAD76522914F5B600B02B8D /* SceneDelegate.swift */; };
		2FAD76552914F5B600B02B8D /* MainViewController.swift in Sources */ = {isa = PBXBuildFile; fileRef = 2FAD76542914F5B600B02B8D /* MainViewController.swift */; };
		2FAD76582914F5B600B02B8D /* Main.storyboard in Resources */ = {isa = PBXBuildFile; fileRef = 2FAD76562914F5B600B02B8D /* Main.storyboard */; };
		2FAD765A2914F5B700B02B8D /* Assets.xcassets in Resources */ = {isa = PBXBuildFile; fileRef = 2FAD76592914F5B700B02B8D /* Assets.xcassets */; };
		2FAD765D2914F5B700B02B8D /* LaunchScreen.storyboard in Resources */ = {isa = PBXBuildFile; fileRef = 2FAD765B2914F5B700B02B8D /* LaunchScreen.storyboard */; };
		2FAD76782914F5CE00B02B8D /* CollectionType+.swift in Sources */ = {isa = PBXBuildFile; fileRef = 2FAD76692914F5CD00B02B8D /* CollectionType+.swift */; };
		2FAD76792914F5CE00B02B8D /* String+.swift in Sources */ = {isa = PBXBuildFile; fileRef = 2FAD766A2914F5CD00B02B8D /* String+.swift */; };
		2FAD767A2914F5CE00B02B8D /* UIViewController+.swift in Sources */ = {isa = PBXBuildFile; fileRef = 2FAD766B2914F5CD00B02B8D /* UIViewController+.swift */; };
		2FAD767B2914F5CE00B02B8D /* ReusableProtocol.swift in Sources */ = {isa = PBXBuildFile; fileRef = 2FAD766D2914F5CD00B02B8D /* ReusableProtocol.swift */; };
		2FAD767C2914F5CE00B02B8D /* BaseViewController.swift in Sources */ = {isa = PBXBuildFile; fileRef = 2FAD766F2914F5CD00B02B8D /* BaseViewController.swift */; };
		2FAD767D2914F5CE00B02B8D /* BaseTableViewCell.swift in Sources */ = {isa = PBXBuildFile; fileRef = 2FAD76702914F5CD00B02B8D /* BaseTableViewCell.swift */; };
		2FAD767E2914F5CE00B02B8D /* BaseCollectionViewCell.swift in Sources */ = {isa = PBXBuildFile; fileRef = 2FAD76712914F5CD00B02B8D /* BaseCollectionViewCell.swift */; };
		2FAD767F2914F5CE00B02B8D /* BaseView.swift in Sources */ = {isa = PBXBuildFile; fileRef = 2FAD76722914F5CD00B02B8D /* BaseView.swift */; };
		2FAD76822914F61E00B02B8D /* MainView.swift in Sources */ = {isa = PBXBuildFile; fileRef = 2FAD76812914F61E00B02B8D /* MainView.swift */; };
		2FAD76852914F64000B02B8D /* SnapKit in Frameworks */ = {isa = PBXBuildFile; productRef = 2FAD76842914F64000B02B8D /* SnapKit */; };
		2FAD76882914F66C00B02B8D /* RxCocoa in Frameworks */ = {isa = PBXBuildFile; productRef = 2FAD76872914F66C00B02B8D /* RxCocoa */; };
		2FAD768A2914F66C00B02B8D /* RxSwift in Frameworks */ = {isa = PBXBuildFile; productRef = 2FAD76892914F66C00B02B8D /* RxSwift */; };
		2FAD768F2914F69F00B02B8D /* MainViewModel.swift in Sources */ = {isa = PBXBuildFile; fileRef = 2FAD768E2914F69F00B02B8D /* MainViewModel.swift */; };
		2FD6CF2C291790170044B23E /* APIKey.swift in Sources */ = {isa = PBXBuildFile; fileRef = 2FD6CF2B291790170044B23E /* APIKey.swift */; };
		2FD6CF2E2917906A0044B23E /* .gitignore in Resources */ = {isa = PBXBuildFile; fileRef = 2FD6CF2D2917906A0044B23E /* .gitignore */; };
		2FDBFF572916ABD8003E34FE /* MainCollectionViewCell.swift in Sources */ = {isa = PBXBuildFile; fileRef = 2FDBFF562916ABD8003E34FE /* MainCollectionViewCell.swift */; };
/* End PBXBuildFile section */

/* Begin PBXFileReference section */
		2FAD764D2914F5B600B02B8D /* SLPImReady.app */ = {isa = PBXFileReference; explicitFileType = wrapper.application; includeInIndex = 0; path = SLPImReady.app; sourceTree = BUILT_PRODUCTS_DIR; };
		2FAD76502914F5B600B02B8D /* AppDelegate.swift */ = {isa = PBXFileReference; lastKnownFileType = sourcecode.swift; path = AppDelegate.swift; sourceTree = "<group>"; };
		2FAD76522914F5B600B02B8D /* SceneDelegate.swift */ = {isa = PBXFileReference; lastKnownFileType = sourcecode.swift; path = SceneDelegate.swift; sourceTree = "<group>"; };
		2FAD76542914F5B600B02B8D /* MainViewController.swift */ = {isa = PBXFileReference; lastKnownFileType = sourcecode.swift; path = MainViewController.swift; sourceTree = "<group>"; };
		2FAD76572914F5B600B02B8D /* Base */ = {isa = PBXFileReference; lastKnownFileType = file.storyboard; name = Base; path = Base.lproj/Main.storyboard; sourceTree = "<group>"; };
		2FAD76592914F5B700B02B8D /* Assets.xcassets */ = {isa = PBXFileReference; lastKnownFileType = folder.assetcatalog; path = Assets.xcassets; sourceTree = "<group>"; };
		2FAD765C2914F5B700B02B8D /* Base */ = {isa = PBXFileReference; lastKnownFileType = file.storyboard; name = Base; path = Base.lproj/LaunchScreen.storyboard; sourceTree = "<group>"; };
		2FAD765E2914F5B700B02B8D /* Info.plist */ = {isa = PBXFileReference; lastKnownFileType = text.plist.xml; path = Info.plist; sourceTree = "<group>"; };
		2FAD76692914F5CD00B02B8D /* CollectionType+.swift */ = {isa = PBXFileReference; fileEncoding = 4; lastKnownFileType = sourcecode.swift; path = "CollectionType+.swift"; sourceTree = "<group>"; };
		2FAD766A2914F5CD00B02B8D /* String+.swift */ = {isa = PBXFileReference; fileEncoding = 4; lastKnownFileType = sourcecode.swift; path = "String+.swift"; sourceTree = "<group>"; };
		2FAD766B2914F5CD00B02B8D /* UIViewController+.swift */ = {isa = PBXFileReference; fileEncoding = 4; lastKnownFileType = sourcecode.swift; path = "UIViewController+.swift"; sourceTree = "<group>"; };
		2FAD766D2914F5CD00B02B8D /* ReusableProtocol.swift */ = {isa = PBXFileReference; fileEncoding = 4; lastKnownFileType = sourcecode.swift; path = ReusableProtocol.swift; sourceTree = "<group>"; };
		2FAD766F2914F5CD00B02B8D /* BaseViewController.swift */ = {isa = PBXFileReference; fileEncoding = 4; lastKnownFileType = sourcecode.swift; path = BaseViewController.swift; sourceTree = "<group>"; };
		2FAD76702914F5CD00B02B8D /* BaseTableViewCell.swift */ = {isa = PBXFileReference; fileEncoding = 4; lastKnownFileType = sourcecode.swift; path = BaseTableViewCell.swift; sourceTree = "<group>"; };
		2FAD76712914F5CD00B02B8D /* BaseCollectionViewCell.swift */ = {isa = PBXFileReference; fileEncoding = 4; lastKnownFileType = sourcecode.swift; path = BaseCollectionViewCell.swift; sourceTree = "<group>"; };
		2FAD76722914F5CD00B02B8D /* BaseView.swift */ = {isa = PBXFileReference; fileEncoding = 4; lastKnownFileType = sourcecode.swift; path = BaseView.swift; sourceTree = "<group>"; };
		2FAD76812914F61E00B02B8D /* MainView.swift */ = {isa = PBXFileReference; lastKnownFileType = sourcecode.swift; path = MainView.swift; sourceTree = "<group>"; };
		2FAD768E2914F69F00B02B8D /* MainViewModel.swift */ = {isa = PBXFileReference; lastKnownFileType = sourcecode.swift; path = MainViewModel.swift; sourceTree = "<group>"; };
		2FD6CF2B291790170044B23E /* APIKey.swift */ = {isa = PBXFileReference; lastKnownFileType = sourcecode.swift; path = APIKey.swift; sourceTree = "<group>"; };
		2FD6CF2D2917906A0044B23E /* .gitignore */ = {isa = PBXFileReference; lastKnownFileType = text; path = .gitignore; sourceTree = "<group>"; };
		2FDBFF562916ABD8003E34FE /* MainCollectionViewCell.swift */ = {isa = PBXFileReference; lastKnownFileType = sourcecode.swift; path = MainCollectionViewCell.swift; sourceTree = "<group>"; };
/* End PBXFileReference section */

/* Begin PBXFrameworksBuildPhase section */
		2FAD764A2914F5B600B02B8D /* Frameworks */ = {
			isa = PBXFrameworksBuildPhase;
			buildActionMask = 2147483647;
			files = (
				2FAD768A2914F66C00B02B8D /* RxSwift in Frameworks */,
				2FAD76882914F66C00B02B8D /* RxCocoa in Frameworks */,
				2FAD76852914F64000B02B8D /* SnapKit in Frameworks */,
			);
			runOnlyForDeploymentPostprocessing = 0;
		};
/* End PBXFrameworksBuildPhase section */

/* Begin PBXGroup section */
		2FAD76442914F5B600B02B8D = {
			isa = PBXGroup;
			children = (
				2FD6CF2D2917906A0044B23E /* .gitignore */,
				2FAD764F2914F5B600B02B8D /* SLPImReady */,
				2FAD764E2914F5B600B02B8D /* Products */,
			);
			sourceTree = "<group>";
		};
		2FAD764E2914F5B600B02B8D /* Products */ = {
			isa = PBXGroup;
			children = (
				2FAD764D2914F5B600B02B8D /* SLPImReady.app */,
			);
			name = Products;
			sourceTree = "<group>";
		};
		2FAD764F2914F5B600B02B8D /* SLPImReady */ = {
			isa = PBXGroup;
			children = (
				2FAD76562914F5B600B02B8D /* Main.storyboard */,
				2FAD76592914F5B700B02B8D /* Assets.xcassets */,
				2FAD765B2914F5B700B02B8D /* LaunchScreen.storyboard */,
				2FAD765E2914F5B700B02B8D /* Info.plist */,
				2FAD76762914F5CD00B02B8D /* Resource */,
				2FAD76642914F5CD00B02B8D /* Source */,
				2FAD76772914F5CE00B02B8D /* Support */,
			);
			path = SLPImReady;
			sourceTree = "<group>";
		};
		2FAD76642914F5CD00B02B8D /* Source */ = {
			isa = PBXGroup;
			children = (
				2FAD76652914F5CD00B02B8D /* Network */,
				2FAD76662914F5CD00B02B8D /* Common */,
				2FAD76732914F5CD00B02B8D /* Model */,
				2FAD76742914F5CD00B02B8D /* Sence */,
				2FAD76752914F5CD00B02B8D /* Application */,
			);
			path = Source;
			sourceTree = "<group>";
		};
		2FAD76652914F5CD00B02B8D /* Network */ = {
			isa = PBXGroup;
			children = (
				2FD6CF2B291790170044B23E /* APIKey.swift */,
			);
			path = Network;
			sourceTree = "<group>";
		};
		2FAD76662914F5CD00B02B8D /* Common */ = {
			isa = PBXGroup;
			children = (
				2FAD76672914F5CD00B02B8D /* Utility */,
			);
			path = Common;
			sourceTree = "<group>";
		};
		2FAD76672914F5CD00B02B8D /* Utility */ = {
			isa = PBXGroup;
			children = (
				2FAD76682914F5CD00B02B8D /* Extension */,
				2FAD766C2914F5CD00B02B8D /* Protocol */,
				2FAD766E2914F5CD00B02B8D /* Base */,
			);
			path = Utility;
			sourceTree = "<group>";
		};
		2FAD76682914F5CD00B02B8D /* Extension */ = {
			isa = PBXGroup;
			children = (
				2FAD76692914F5CD00B02B8D /* CollectionType+.swift */,
				2FAD766A2914F5CD00B02B8D /* String+.swift */,
				2FAD766B2914F5CD00B02B8D /* UIViewController+.swift */,
			);
			path = Extension;
			sourceTree = "<group>";
		};
		2FAD766C2914F5CD00B02B8D /* Protocol */ = {
			isa = PBXGroup;
			children = (
				2FAD766D2914F5CD00B02B8D /* ReusableProtocol.swift */,
			);
			path = Protocol;
			sourceTree = "<group>";
		};
		2FAD766E2914F5CD00B02B8D /* Base */ = {
			isa = PBXGroup;
			children = (
				2FAD766F2914F5CD00B02B8D /* BaseViewController.swift */,
				2FAD76702914F5CD00B02B8D /* BaseTableViewCell.swift */,
				2FAD76712914F5CD00B02B8D /* BaseCollectionViewCell.swift */,
				2FAD76722914F5CD00B02B8D /* BaseView.swift */,
			);
			path = Base;
			sourceTree = "<group>";
		};
		2FAD76732914F5CD00B02B8D /* Model */ = {
			isa = PBXGroup;
			children = (
				2FAD76802914F61000B02B8D /* Main */,
			);
			path = Model;
			sourceTree = "<group>";
		};
		2FAD76742914F5CD00B02B8D /* Sence */ = {
			isa = PBXGroup;
			children = (
			);
			path = Sence;
			sourceTree = "<group>";
		};
		2FAD76752914F5CD00B02B8D /* Application */ = {
			isa = PBXGroup;
			children = (
			);
			path = Application;
			sourceTree = "<group>";
		};
		2FAD76762914F5CD00B02B8D /* Resource */ = {
			isa = PBXGroup;
			children = (
				2FAD76522914F5B600B02B8D /* SceneDelegate.swift */,
				2FAD76502914F5B600B02B8D /* AppDelegate.swift */,
			);
			path = Resource;
			sourceTree = "<group>";
		};
		2FAD76772914F5CE00B02B8D /* Support */ = {
			isa = PBXGroup;
			children = (
			);
			path = Support;
			sourceTree = "<group>";
		};
		2FAD76802914F61000B02B8D /* Main */ = {
			isa = PBXGroup;
			children = (
				2FAD768D2914F68300B02B8D /* MainViewModel */,
				2FAD768C2914F68300B02B8D /* MainView */,
			);
			path = Main;
			sourceTree = "<group>";
		};
		2FAD768C2914F68300B02B8D /* MainView */ = {
			isa = PBXGroup;
			children = (
				2FAD76542914F5B600B02B8D /* MainViewController.swift */,
				2FAD76812914F61E00B02B8D /* MainView.swift */,
				2FDBFF562916ABD8003E34FE /* MainCollectionViewCell.swift */,
			);
			path = MainView;
			sourceTree = "<group>";
		};
		2FAD768D2914F68300B02B8D /* MainViewModel */ = {
			isa = PBXGroup;
			children = (
				2FAD768E2914F69F00B02B8D /* MainViewModel.swift */,
			);
			path = MainViewModel;
			sourceTree = "<group>";
		};
/* End PBXGroup section */

/* Begin PBXNativeTarget section */
		2FAD764C2914F5B600B02B8D /* SLPImReady */ = {
			isa = PBXNativeTarget;
			buildConfigurationList = 2FAD76612914F5B700B02B8D /* Build configuration list for PBXNativeTarget "SLPImReady" */;
			buildPhases = (
				2FAD76492914F5B600B02B8D /* Sources */,
				2FAD764A2914F5B600B02B8D /* Frameworks */,
				2FAD764B2914F5B600B02B8D /* Resources */,
			);
			buildRules = (
			);
			dependencies = (
			);
			name = SLPImReady;
			packageProductDependencies = (
				2FAD76842914F64000B02B8D /* SnapKit */,
				2FAD76872914F66C00B02B8D /* RxCocoa */,
				2FAD76892914F66C00B02B8D /* RxSwift */,
			);
			productName = SLPImReady;
			productReference = 2FAD764D2914F5B600B02B8D /* SLPImReady.app */;
			productType = "com.apple.product-type.application";
		};
/* End PBXNativeTarget section */

/* Begin PBXProject section */
		2FAD76452914F5B600B02B8D /* Project object */ = {
			isa = PBXProject;
			attributes = {
				BuildIndependentTargetsInParallel = 1;
				LastSwiftUpdateCheck = 1400;
				LastUpgradeCheck = 1400;
				TargetAttributes = {
					2FAD764C2914F5B600B02B8D = {
						CreatedOnToolsVersion = 14.0;
					};
				};
			};
			buildConfigurationList = 2FAD76482914F5B600B02B8D /* Build configuration list for PBXProject "SLPImReady" */;
			compatibilityVersion = "Xcode 14.0";
			developmentRegion = en;
			hasScannedForEncodings = 0;
			knownRegions = (
				en,
				Base,
			);
			mainGroup = 2FAD76442914F5B600B02B8D;
			packageReferences = (
				2FAD76832914F64000B02B8D /* XCRemoteSwiftPackageReference "SnapKit" */,
				2FAD76862914F66C00B02B8D /* XCRemoteSwiftPackageReference "RxSwift" */,
			);
			productRefGroup = 2FAD764E2914F5B600B02B8D /* Products */;
			projectDirPath = "";
			projectRoot = "";
			targets = (
				2FAD764C2914F5B600B02B8D /* SLPImReady */,
			);
		};
/* End PBXProject section */

/* Begin PBXResourcesBuildPhase section */
		2FAD764B2914F5B600B02B8D /* Resources */ = {
			isa = PBXResourcesBuildPhase;
			buildActionMask = 2147483647;
			files = (
				2FD6CF2E2917906A0044B23E /* .gitignore in Resources */,
				2FAD765D2914F5B700B02B8D /* LaunchScreen.storyboard in Resources */,
				2FAD765A2914F5B700B02B8D /* Assets.xcassets in Resources */,
				2FAD76582914F5B600B02B8D /* Main.storyboard in Resources */,
			);
			runOnlyForDeploymentPostprocessing = 0;
		};
/* End PBXResourcesBuildPhase section */

/* Begin PBXSourcesBuildPhase section */
		2FAD76492914F5B600B02B8D /* Sources */ = {
			isa = PBXSourcesBuildPhase;
			buildActionMask = 2147483647;
			files = (
				2FAD76552914F5B600B02B8D /* MainViewController.swift in Sources */,
				2FAD76822914F61E00B02B8D /* MainView.swift in Sources */,
				2FAD767B2914F5CE00B02B8D /* ReusableProtocol.swift in Sources */,
				2FAD76782914F5CE00B02B8D /* CollectionType+.swift in Sources */,
				2FD6CF2C291790170044B23E /* APIKey.swift in Sources */,
				2FAD767A2914F5CE00B02B8D /* UIViewController+.swift in Sources */,
				2FAD768F2914F69F00B02B8D /* MainViewModel.swift in Sources */,
				2FAD767D2914F5CE00B02B8D /* BaseTableViewCell.swift in Sources */,
				2FDBFF572916ABD8003E34FE /* MainCollectionViewCell.swift in Sources */,
				2FAD767E2914F5CE00B02B8D /* BaseCollectionViewCell.swift in Sources */,
				2FAD76792914F5CE00B02B8D /* String+.swift in Sources */,
				2FAD767C2914F5CE00B02B8D /* BaseViewController.swift in Sources */,
				2FAD76512914F5B600B02B8D /* AppDelegate.swift in Sources */,
				2FAD767F2914F5CE00B02B8D /* BaseView.swift in Sources */,
				2FAD76532914F5B600B02B8D /* SceneDelegate.swift in Sources */,
			);
			runOnlyForDeploymentPostprocessing = 0;
		};
/* End PBXSourcesBuildPhase section */

/* Begin PBXVariantGroup section */
		2FAD76562914F5B600B02B8D /* Main.storyboard */ = {
			isa = PBXVariantGroup;
			children = (
				2FAD76572914F5B600B02B8D /* Base */,
			);
			name = Main.storyboard;
			sourceTree = "<group>";
		};
		2FAD765B2914F5B700B02B8D /* LaunchScreen.storyboard */ = {
			isa = PBXVariantGroup;
			children = (
				2FAD765C2914F5B700B02B8D /* Base */,
			);
			name = LaunchScreen.storyboard;
			sourceTree = "<group>";
		};
/* End PBXVariantGroup section */

/* Begin XCBuildConfiguration section */
		2FAD765F2914F5B700B02B8D /* Debug */ = {
			isa = XCBuildConfiguration;
			buildSettings = {
				ALWAYS_SEARCH_USER_PATHS = NO;
				CLANG_ANALYZER_NONNULL = YES;
				CLANG_ANALYZER_NUMBER_OBJECT_CONVERSION = YES_AGGRESSIVE;
				CLANG_CXX_LANGUAGE_STANDARD = "gnu++20";
				CLANG_ENABLE_MODULES = YES;
				CLANG_ENABLE_OBJC_ARC = YES;
				CLANG_ENABLE_OBJC_WEAK = YES;
				CLANG_WARN_BLOCK_CAPTURE_AUTORELEASING = YES;
				CLANG_WARN_BOOL_CONVERSION = YES;
				CLANG_WARN_COMMA = YES;
				CLANG_WARN_CONSTANT_CONVERSION = YES;
				CLANG_WARN_DEPRECATED_OBJC_IMPLEMENTATIONS = YES;
				CLANG_WARN_DIRECT_OBJC_ISA_USAGE = YES_ERROR;
				CLANG_WARN_DOCUMENTATION_COMMENTS = YES;
				CLANG_WARN_EMPTY_BODY = YES;
				CLANG_WARN_ENUM_CONVERSION = YES;
				CLANG_WARN_INFINITE_RECURSION = YES;
				CLANG_WARN_INT_CONVERSION = YES;
				CLANG_WARN_NON_LITERAL_NULL_CONVERSION = YES;
				CLANG_WARN_OBJC_IMPLICIT_RETAIN_SELF = YES;
				CLANG_WARN_OBJC_LITERAL_CONVERSION = YES;
				CLANG_WARN_OBJC_ROOT_CLASS = YES_ERROR;
				CLANG_WARN_QUOTED_INCLUDE_IN_FRAMEWORK_HEADER = YES;
				CLANG_WARN_RANGE_LOOP_ANALYSIS = YES;
				CLANG_WARN_STRICT_PROTOTYPES = YES;
				CLANG_WARN_SUSPICIOUS_MOVE = YES;
				CLANG_WARN_UNGUARDED_AVAILABILITY = YES_AGGRESSIVE;
				CLANG_WARN_UNREACHABLE_CODE = YES;
				CLANG_WARN__DUPLICATE_METHOD_MATCH = YES;
				COPY_PHASE_STRIP = NO;
				DEBUG_INFORMATION_FORMAT = dwarf;
				ENABLE_STRICT_OBJC_MSGSEND = YES;
				ENABLE_TESTABILITY = YES;
				GCC_C_LANGUAGE_STANDARD = gnu11;
				GCC_DYNAMIC_NO_PIC = NO;
				GCC_NO_COMMON_BLOCKS = YES;
				GCC_OPTIMIZATION_LEVEL = 0;
				GCC_PREPROCESSOR_DEFINITIONS = (
					"DEBUG=1",
					"$(inherited)",
				);
				GCC_WARN_64_TO_32_BIT_CONVERSION = YES;
				GCC_WARN_ABOUT_RETURN_TYPE = YES_ERROR;
				GCC_WARN_UNDECLARED_SELECTOR = YES;
				GCC_WARN_UNINITIALIZED_AUTOS = YES_AGGRESSIVE;
				GCC_WARN_UNUSED_FUNCTION = YES;
				GCC_WARN_UNUSED_VARIABLE = YES;
				IPHONEOS_DEPLOYMENT_TARGET = 16.0;
				MTL_ENABLE_DEBUG_INFO = INCLUDE_SOURCE;
				MTL_FAST_MATH = YES;
				ONLY_ACTIVE_ARCH = YES;
				SDKROOT = iphoneos;
				SWIFT_ACTIVE_COMPILATION_CONDITIONS = DEBUG;
				SWIFT_OPTIMIZATION_LEVEL = "-Onone";
			};
			name = Debug;
		};
		2FAD76602914F5B700B02B8D /* Release */ = {
			isa = XCBuildConfiguration;
			buildSettings = {
				ALWAYS_SEARCH_USER_PATHS = NO;
				CLANG_ANALYZER_NONNULL = YES;
				CLANG_ANALYZER_NUMBER_OBJECT_CONVERSION = YES_AGGRESSIVE;
				CLANG_CXX_LANGUAGE_STANDARD = "gnu++20";
				CLANG_ENABLE_MODULES = YES;
				CLANG_ENABLE_OBJC_ARC = YES;
				CLANG_ENABLE_OBJC_WEAK = YES;
				CLANG_WARN_BLOCK_CAPTURE_AUTORELEASING = YES;
				CLANG_WARN_BOOL_CONVERSION = YES;
				CLANG_WARN_COMMA = YES;
				CLANG_WARN_CONSTANT_CONVERSION = YES;
				CLANG_WARN_DEPRECATED_OBJC_IMPLEMENTATIONS = YES;
				CLANG_WARN_DIRECT_OBJC_ISA_USAGE = YES_ERROR;
				CLANG_WARN_DOCUMENTATION_COMMENTS = YES;
				CLANG_WARN_EMPTY_BODY = YES;
				CLANG_WARN_ENUM_CONVERSION = YES;
				CLANG_WARN_INFINITE_RECURSION = YES;
				CLANG_WARN_INT_CONVERSION = YES;
				CLANG_WARN_NON_LITERAL_NULL_CONVERSION = YES;
				CLANG_WARN_OBJC_IMPLICIT_RETAIN_SELF = YES;
				CLANG_WARN_OBJC_LITERAL_CONVERSION = YES;
				CLANG_WARN_OBJC_ROOT_CLASS = YES_ERROR;
				CLANG_WARN_QUOTED_INCLUDE_IN_FRAMEWORK_HEADER = YES;
				CLANG_WARN_RANGE_LOOP_ANALYSIS = YES;
				CLANG_WARN_STRICT_PROTOTYPES = YES;
				CLANG_WARN_SUSPICIOUS_MOVE = YES;
				CLANG_WARN_UNGUARDED_AVAILABILITY = YES_AGGRESSIVE;
				CLANG_WARN_UNREACHABLE_CODE = YES;
				CLANG_WARN__DUPLICATE_METHOD_MATCH = YES;
				COPY_PHASE_STRIP = NO;
				DEBUG_INFORMATION_FORMAT = "dwarf-with-dsym";
				ENABLE_NS_ASSERTIONS = NO;
				ENABLE_STRICT_OBJC_MSGSEND = YES;
				GCC_C_LANGUAGE_STANDARD = gnu11;
				GCC_NO_COMMON_BLOCKS = YES;
				GCC_WARN_64_TO_32_BIT_CONVERSION = YES;
				GCC_WARN_ABOUT_RETURN_TYPE = YES_ERROR;
				GCC_WARN_UNDECLARED_SELECTOR = YES;
				GCC_WARN_UNINITIALIZED_AUTOS = YES_AGGRESSIVE;
				GCC_WARN_UNUSED_FUNCTION = YES;
				GCC_WARN_UNUSED_VARIABLE = YES;
				IPHONEOS_DEPLOYMENT_TARGET = 16.0;
				MTL_ENABLE_DEBUG_INFO = NO;
				MTL_FAST_MATH = YES;
				SDKROOT = iphoneos;
				SWIFT_COMPILATION_MODE = wholemodule;
				SWIFT_OPTIMIZATION_LEVEL = "-O";
				VALIDATE_PRODUCT = YES;
			};
			name = Release;
		};
		2FAD76622914F5B700B02B8D /* Debug */ = {
			isa = XCBuildConfiguration;
			buildSettings = {
				ASSETCATALOG_COMPILER_APPICON_NAME = AppIcon;
				ASSETCATALOG_COMPILER_GLOBAL_ACCENT_COLOR_NAME = AccentColor;
				CODE_SIGN_STYLE = Automatic;
				CURRENT_PROJECT_VERSION = 1;
				DEVELOPMENT_TEAM = LL4R66V6Y3;
				GENERATE_INFOPLIST_FILE = YES;
				INFOPLIST_FILE = SLPImReady/Info.plist;
				INFOPLIST_KEY_UIApplicationSupportsIndirectInputEvents = YES;
				INFOPLIST_KEY_UILaunchStoryboardName = LaunchScreen;
				INFOPLIST_KEY_UIMainStoryboardFile = Main;
				INFOPLIST_KEY_UISupportedInterfaceOrientations_iPad = "UIInterfaceOrientationPortrait UIInterfaceOrientationPortraitUpsideDown UIInterfaceOrientationLandscapeLeft UIInterfaceOrientationLandscapeRight";
				INFOPLIST_KEY_UISupportedInterfaceOrientations_iPhone = "UIInterfaceOrientationPortrait UIInterfaceOrientationLandscapeLeft UIInterfaceOrientationLandscapeRight";
				LD_RUNPATH_SEARCH_PATHS = (
					"$(inherited)",
					"@executable_path/Frameworks",
				);
				MARKETING_VERSION = 1.0;
				PRODUCT_BUNDLE_IDENTIFIER = cody.SLPImReady;
				PRODUCT_NAME = "$(TARGET_NAME)";
				SWIFT_EMIT_LOC_STRINGS = YES;
				SWIFT_VERSION = 5.0;
				TARGETED_DEVICE_FAMILY = "1,2";
			};
			name = Debug;
		};
		2FAD76632914F5B700B02B8D /* Release */ = {
			isa = XCBuildConfiguration;
			buildSettings = {
				ASSETCATALOG_COMPILER_APPICON_NAME = AppIcon;
				ASSETCATALOG_COMPILER_GLOBAL_ACCENT_COLOR_NAME = AccentColor;
				CODE_SIGN_STYLE = Automatic;
				CURRENT_PROJECT_VERSION = 1;
				DEVELOPMENT_TEAM = LL4R66V6Y3;
				GENERATE_INFOPLIST_FILE = YES;
				INFOPLIST_FILE = SLPImReady/Info.plist;
				INFOPLIST_KEY_UIApplicationSupportsIndirectInputEvents = YES;
				INFOPLIST_KEY_UILaunchStoryboardName = LaunchScreen;
				INFOPLIST_KEY_UIMainStoryboardFile = Main;
				INFOPLIST_KEY_UISupportedInterfaceOrientations_iPad = "UIInterfaceOrientationPortrait UIInterfaceOrientationPortraitUpsideDown UIInterfaceOrientationLandscapeLeft UIInterfaceOrientationLandscapeRight";
				INFOPLIST_KEY_UISupportedInterfaceOrientations_iPhone = "UIInterfaceOrientationPortrait UIInterfaceOrientationLandscapeLeft UIInterfaceOrientationLandscapeRight";
				LD_RUNPATH_SEARCH_PATHS = (
					"$(inherited)",
					"@executable_path/Frameworks",
				);
				MARKETING_VERSION = 1.0;
				PRODUCT_BUNDLE_IDENTIFIER = cody.SLPImReady;
				PRODUCT_NAME = "$(TARGET_NAME)";
				SWIFT_EMIT_LOC_STRINGS = YES;
				SWIFT_VERSION = 5.0;
				TARGETED_DEVICE_FAMILY = "1,2";
			};
			name = Release;
		};
/* End XCBuildConfiguration section */

/* Begin XCConfigurationList section */
		2FAD76482914F5B600B02B8D /* Build configuration list for PBXProject "SLPImReady" */ = {
			isa = XCConfigurationList;
			buildConfigurations = (
				2FAD765F2914F5B700B02B8D /* Debug */,
				2FAD76602914F5B700B02B8D /* Release */,
			);
			defaultConfigurationIsVisible = 0;
			defaultConfigurationName = Release;
		};
		2FAD76612914F5B700B02B8D /* Build configuration list for PBXNativeTarget "SLPImReady" */ = {
			isa = XCConfigurationList;
			buildConfigurations = (
				2FAD76622914F5B700B02B8D /* Debug */,
				2FAD76632914F5B700B02B8D /* Release */,
			);
			defaultConfigurationIsVisible = 0;
			defaultConfigurationName = Release;
		};
/* End XCConfigurationList section */

/* Begin XCRemoteSwiftPackageReference section */
		2FAD76832914F64000B02B8D /* XCRemoteSwiftPackageReference "SnapKit" */ = {
			isa = XCRemoteSwiftPackageReference;
			repositoryURL = "https://github.com/SnapKit/SnapKit.git";
			requirement = {
				kind = upToNextMajorVersion;
				minimumVersion = 5.0.0;
			};
		};
		2FAD76862914F66C00B02B8D /* XCRemoteSwiftPackageReference "RxSwift" */ = {
			isa = XCRemoteSwiftPackageReference;
			repositoryURL = "https://github.com/ReactiveX/RxSwift.git";
			requirement = {
				kind = upToNextMajorVersion;
				minimumVersion = 6.0.0;
			};
		};
/* End XCRemoteSwiftPackageReference section */

/* Begin XCSwiftPackageProductDependency section */
		2FAD76842914F64000B02B8D /* SnapKit */ = {
			isa = XCSwiftPackageProductDependency;
			package = 2FAD76832914F64000B02B8D /* XCRemoteSwiftPackageReference "SnapKit" */;
			productName = SnapKit;
		};
		2FAD76872914F66C00B02B8D /* RxCocoa */ = {
			isa = XCSwiftPackageProductDependency;
			package = 2FAD76862914F66C00B02B8D /* XCRemoteSwiftPackageReference "RxSwift" */;
			productName = RxCocoa;
		};
		2FAD76892914F66C00B02B8D /* RxSwift */ = {
			isa = XCSwiftPackageProductDependency;
			package = 2FAD76862914F66C00B02B8D /* XCRemoteSwiftPackageReference "RxSwift" */;
			productName = RxSwift;
		};
/* End XCSwiftPackageProductDependency section */
	};
	rootObject = 2FAD76452914F5B600B02B8D /* Project object */;
}
